version = 1
revision = 1
requires-python = ">=3.11"

[[package]]
name = "build"
version = "1.2.2.post1"
source = { registry = "https://pypi.org/simple" }
dependencies = [
    { name = "colorama", marker = "os_name == 'nt'" },
    { name = "packaging" },
    { name = "pyproject-hooks" },
]
sdist = { url = "https://files.pythonhosted.org/packages/7d/46/aeab111f8e06793e4f0e421fcad593d547fb8313b50990f31681ee2fb1ad/build-1.2.2.post1.tar.gz", hash = "sha256:b36993e92ca9375a219c99e606a122ff365a760a2d4bba0caa09bd5278b608b7", size = 46701 }
wheels = [
    { url = "https://files.pythonhosted.org/packages/84/c2/80633736cd183ee4a62107413def345f7e6e3c01563dbca1417363cf957e/build-1.2.2.post1-py3-none-any.whl", hash = "sha256:1d61c0887fa860c01971625baae8bdd338e517b836a2f70dd1f7aa3a6b2fc5b5", size = 22950 },
]

[[package]]
name = "cfgv"
version = "3.4.0"
source = { registry = "https://pypi.org/simple" }
sdist = { url = "https://files.pythonhosted.org/packages/11/74/539e56497d9bd1d484fd863dd69cbbfa653cd2aa27abfe35653494d85e94/cfgv-3.4.0.tar.gz", hash = "sha256:e52591d4c5f5dead8e0f673fb16db7949d2cfb3f7da4582893288f0ded8fe560", size = 7114 }
wheels = [
    { url = "https://files.pythonhosted.org/packages/c5/55/51844dd50c4fc7a33b653bfaba4c2456f06955289ca770a5dbd5fd267374/cfgv-3.4.0-py2.py3-none-any.whl", hash = "sha256:b7265b1f29fd3316bfcd2b330d63d024f2bfd8bcb8b0272f8e19a504856c48f9", size = 7249 },
]

[[package]]
name = "click"
version = "8.2.1"
source = { registry = "https://pypi.org/simple" }
dependencies = [
    { name = "colorama", marker = "sys_platform == 'win32'" },
]
sdist = { url = "https://files.pythonhosted.org/packages/60/6c/8ca2efa64cf75a977a0d7fac081354553ebe483345c734fb6b6515d96bbc/click-8.2.1.tar.gz", hash = "sha256:27c491cc05d968d271d5a1db13e3b5a184636d9d930f148c50b038f0d0646202", size = 286342 }
wheels = [
    { url = "https://files.pythonhosted.org/packages/85/32/10bb5764d90a8eee674e9dc6f4db6a0ab47c8c4d0d83c27f7c39ac415a4d/click-8.2.1-py3-none-any.whl", hash = "sha256:61a3265b914e850b85317d0b3109c7f8cd35a670f963866005d6ef1d5175a12b", size = 102215 },
]

[[package]]
name = "colorama"
version = "0.4.6"
source = { registry = "https://pypi.org/simple" }
sdist = { url = "https://files.pythonhosted.org/packages/d8/53/6f443c9a4a8358a93a6792e2acffb9d9d5cb0a5cfd8802644b7b1c9a02e4/colorama-0.4.6.tar.gz", hash = "sha256:08695f5cb7ed6e0531a20572697297273c47b8cae5a63ffc6d6ed5c201be6e44", size = 27697 }
wheels = [
    { url = "https://files.pythonhosted.org/packages/d1/d6/3965ed04c63042e047cb6a3e6ed1a63a35087b6a609aa3a15ed8ac56c221/colorama-0.4.6-py2.py3-none-any.whl", hash = "sha256:4f1d9991f5acc0ca119f9d443620b77f9d6b33703e51011c16baf57afb285fc6", size = 25335 },
]

[[package]]
name = "coverage"
version = "7.9.0"
source = { registry = "https://pypi.org/simple" }
sdist = { url = "https://files.pythonhosted.org/packages/06/d1/7b18a2e0d2994e4e108dadf16580ec192e0a9c65f7456ccb82ced059f9bf/coverage-7.9.0.tar.gz", hash = "sha256:1a93b43de2233a7670a8bf2520fed8ebd5eea6a65b47417500a9d882b0533fa2", size = 813385 }
wheels = [
    { url = "https://files.pythonhosted.org/packages/9d/91/721a7df15263babfe89caf535a08bacbadebdef87338cf37d40f7400161b/coverage-7.9.0-cp311-cp311-macosx_10_9_x86_64.whl", hash = "sha256:55b7b9df45174956e0f719a56cf60c0cb4a7f155668881d00de6384e2a3402f4", size = 212055 },
    { url = "https://files.pythonhosted.org/packages/8d/d6/1f4c1eae67e698a8535ede02a6958a7587d06869d33a9b134ecc0e17ee07/coverage-7.9.0-cp311-cp311-macosx_11_0_arm64.whl", hash = "sha256:87bceebbc91a58c9264c43638729fcb45910805b9f86444f93654d988305b3a2", size = 212445 },
    { url = "https://files.pythonhosted.org/packages/bd/48/c375a6e6a266efa2d5fbf9b04eac88c87430d1a337b4f383ea8beeeedd44/coverage-7.9.0-cp311-cp311-manylinux_2_17_aarch64.manylinux2014_aarch64.whl", hash = "sha256:81da3b6e289bf9fc7dc159ab6d5222f5330ac6e94a6d06f147ba46e53fa6ec82", size = 245010 },
    { url = "https://files.pythonhosted.org/packages/7a/43/ec070ad02a1ee10837555a852b6fa256f8c71a953c209488e027673fc5b6/coverage-7.9.0-cp311-cp311-manylinux_2_5_i686.manylinux1_i686.manylinux_2_17_i686.manylinux2014_i686.whl", hash = "sha256:b361684a91224d4362879c1b1802168d2435ff76666f1b7ba52fc300ad832dbc", size = 242725 },
    { url = "https://files.pythonhosted.org/packages/fa/ff/8b8efbd058dd59b489d9c5e27ba5766e895c396dd3bd1b78bebef9808c5f/coverage-7.9.0-cp311-cp311-manylinux_2_5_x86_64.manylinux1_x86_64.manylinux_2_17_x86_64.manylinux2014_x86_64.whl", hash = "sha256:f9a384ea4f77ac0a7e36c9a805ed95ef10f423bdb68b4e9487646cdf548a6a05", size = 244527 },
    { url = "https://files.pythonhosted.org/packages/9d/e7/3863f458a3af009a4817656f5b56fa90c7e363d73fef338601b275e979c4/coverage-7.9.0-cp311-cp311-musllinux_1_2_aarch64.whl", hash = "sha256:38a5642aa82ea6de0e4331e346f5ba188a9fdb7d727e00199f55031b85135d0a", size = 244174 },
    { url = "https://files.pythonhosted.org/packages/4b/f0/2ff1fa06ccd3c3d653e352b10ddeec511b018890b28dbd3c29b6ea3f742e/coverage-7.9.0-cp311-cp311-musllinux_1_2_i686.whl", hash = "sha256:8c5ff4ca4890c0b57d3e80850534609493280c0f9e6ea2bd314b10cb8cbd76e0", size = 242227 },
    { url = "https://files.pythonhosted.org/packages/32/e2/bae13555436f1d0278e70cfe22a0980eab9809e89361e859c96ffa788cb9/coverage-7.9.0-cp311-cp311-musllinux_1_2_x86_64.whl", hash = "sha256:cd052a0c4727ede06393da3c1df1ae6ef6c079e6bdfefb39079877404b3edc22", size = 242815 },
    { url = "https://files.pythonhosted.org/packages/20/7c/e1b5b3313c1e3a5e8f8ced567fee67f18c8f18cebee8af0d69052f445a55/coverage-7.9.0-cp311-cp311-win32.whl", hash = "sha256:f73fd1128165e1d665cb7f863a91d00f073044a672c7dfa04ab400af4d1a9226", size = 214469 },
    { url = "https://files.pythonhosted.org/packages/6a/c9/0034d3ccbb7b8f80b1ce8a927ea06e2ba265bd0ba4a9a95a83026ac78dfd/coverage-7.9.0-cp311-cp311-win_amd64.whl", hash = "sha256:dd62d62e782d3add529c8e7943f5600efd0d07dadf3819e5f9917edb4acf85d8", size = 215407 },
    { url = "https://files.pythonhosted.org/packages/f1/e1/7473bf679a43638c5ccba6228f45f68d33c3b7414ffae757dbb0bb2f1127/coverage-7.9.0-cp311-cp311-win_arm64.whl", hash = "sha256:f75288785cc9a67aff3b04dafd8d0f0be67306018b224d319d23867a161578d6", size = 213778 },
    { url = "https://files.pythonhosted.org/packages/dd/6b/7bdef79e79076c7e3303ce2453072528ed13988210fb7a8702bb3d98ea8c/coverage-7.9.0-cp312-cp312-macosx_10_13_x86_64.whl", hash = "sha256:969ed1ed0ab0325b50af3204f9024782180e64fb281f5a2952f479ec60a02aba", size = 212252 },
    { url = "https://files.pythonhosted.org/packages/08/fe/7e08dd50c3c3cfdbe822ee11e24da9f418983faefb4f5e52fbffae5beeb2/coverage-7.9.0-cp312-cp312-macosx_11_0_arm64.whl", hash = "sha256:1abd41781c874e716aaeecb8b27db5f4f2bc568f2ed8d41228aa087d567674f0", size = 212491 },
    { url = "https://files.pythonhosted.org/packages/d4/65/9793cf61b3e4c5647e70aabd5b9470958ffd341c42f90730beeb4d21af9c/coverage-7.9.0-cp312-cp312-manylinux_2_17_aarch64.manylinux2014_aarch64.whl", hash = "sha256:0eb6e99487dffd28c88a4fc2ea4286beaf0207a43388775900c93e56cc5a8ae3", size = 246294 },
    { url = "https://files.pythonhosted.org/packages/2a/c9/fc61695132da06a34b27a49e853010a80d66a5534a1dfa770cb38aca71c0/coverage-7.9.0-cp312-cp312-manylinux_2_5_i686.manylinux1_i686.manylinux_2_17_i686.manylinux2014_i686.whl", hash = "sha256:c425c85ddb62b32d44f83fb20044fe32edceceee1db1f978c062eec020a73ea5", size = 243311 },
    { url = "https://files.pythonhosted.org/packages/62/0e/559a86887580d0de390e018bddfa632ae0762eeeb065bb5557f319071527/coverage-7.9.0-cp312-cp312-manylinux_2_5_x86_64.manylinux1_x86_64.manylinux_2_17_x86_64.manylinux2014_x86_64.whl", hash = "sha256:d0a1f7676bc90ceba67caa66850d689947d586f204ccf6478400c2bf39da5790", size = 245503 },
    { url = "https://files.pythonhosted.org/packages/45/09/344d012dc91e60b8c7afee11ffae18338780c703a5b5fb32d8d82987e7cb/coverage-7.9.0-cp312-cp312-musllinux_1_2_aarch64.whl", hash = "sha256:f17055c50768d710d6abc789c9469d0353574780935e1381b83e63edc49ff530", size = 245313 },
    { url = "https://files.pythonhosted.org/packages/d2/2d/151b23e82aaea28aa7e3c0390d893bd1aef685866132aad36034f7d462b8/coverage-7.9.0-cp312-cp312-musllinux_1_2_i686.whl", hash = "sha256:298d2917a6bfadbb272e08545ed026af3965e4d2fe71e3f38bf0a816818b226e", size = 243495 },
    { url = "https://files.pythonhosted.org/packages/74/5c/0da7fd4ad44259b4b61bd429dc642c6511314a356ffa782b924bd1ea9e5c/coverage-7.9.0-cp312-cp312-musllinux_1_2_x86_64.whl", hash = "sha256:d9be5d26e5f817d478506e4d3c4ff7b92f17d980670b4791bf05baaa37ce2f88", size = 244727 },
    { url = "https://files.pythonhosted.org/packages/de/08/6ccf2847c5c0d8fcc153bd8f4341d89ab50c85e01a15cabe4a546d3e943e/coverage-7.9.0-cp312-cp312-win32.whl", hash = "sha256:dc2784edd9ac9fe8692fc5505667deb0b05d895c016aaaf641031ed4a5f93d53", size = 214636 },
    { url = "https://files.pythonhosted.org/packages/79/fa/ae2c14d49475215372772f7638c333deaaacda8f3c5717a75377d1992c82/coverage-7.9.0-cp312-cp312-win_amd64.whl", hash = "sha256:18223198464a6d5549db1934cf77a15deb24bb88652c4f5f7cb21cd3ad853704", size = 215448 },
    { url = "https://files.pythonhosted.org/packages/62/a9/45309219ba08b89cae84b2cb4ccfed8f941850aa7721c4914282fb3c1081/coverage-7.9.0-cp312-cp312-win_arm64.whl", hash = "sha256:3b00194ff3c84d4b821822ff6c041f245fc55d0d5c7833fc4311d082e97595e8", size = 213817 },
    { url = "https://files.pythonhosted.org/packages/0b/59/449eb05f795d0050007b57a4efee79b540fa6fcccad813a191351964a001/coverage-7.9.0-cp313-cp313-macosx_10_13_x86_64.whl", hash = "sha256:122c60e92ab66c9c88e17565f67a91b3b3be5617cb50f73cfd34a4c60ed4aab0", size = 212271 },
    { url = "https://files.pythonhosted.org/packages/e0/3b/26852a4fb719a6007b0169c1b52116ed14b61267f0bf3ba1e23db516f352/coverage-7.9.0-cp313-cp313-macosx_11_0_arm64.whl", hash = "sha256:813c11b367a6b3cf37212ec36b230f8d086c22b69dbf62877b40939fb2c79e74", size = 212538 },
    { url = "https://files.pythonhosted.org/packages/f6/80/99f82896119f36984a5b9189e71c7310fc036613276560b5884b5ee890d7/coverage-7.9.0-cp313-cp313-manylinux_2_17_aarch64.manylinux2014_aarch64.whl", hash = "sha256:3f05e0f5e87f23d43fefe49e86655c6209dd4f9f034786b983e6803cf4554183", size = 245705 },
    { url = "https://files.pythonhosted.org/packages/a9/29/0b007deb096dd527c42e933129a8e4d5f9f1026f4953979c3a1e60e7ea9f/coverage-7.9.0-cp313-cp313-manylinux_2_5_i686.manylinux1_i686.manylinux_2_17_i686.manylinux2014_i686.whl", hash = "sha256:62f465886fa4f86d5515da525aead97c5dff13a5cf997fc4c5097a1a59e063b2", size = 242918 },
    { url = "https://files.pythonhosted.org/packages/6f/eb/273855b57c7fb387dd9787f250b8b333ba8c1c100877c21e32eb1b24ff29/coverage-7.9.0-cp313-cp313-manylinux_2_5_x86_64.manylinux1_x86_64.manylinux_2_17_x86_64.manylinux2014_x86_64.whl", hash = "sha256:549ea4ca901595bbe3270e1afdef98bf5d4d5791596efbdc90b00449a2bb1f91", size = 244902 },
    { url = "https://files.pythonhosted.org/packages/20/57/4e411b47dbfd831538ecf9e5f407e42888b0c56aedbfe0ea7b102a787559/coverage-7.9.0-cp313-cp313-musllinux_1_2_aarch64.whl", hash = "sha256:8cae1d4450945c74a6a65a09864ed3eaa917055cf70aa65f83ac1b9b0d8d5f9a", size = 245069 },
    { url = "https://files.pythonhosted.org/packages/91/75/b24cf5703fb325fc4b1899d89984dac117b99e757b9fadd525cad7ecc020/coverage-7.9.0-cp313-cp313-musllinux_1_2_i686.whl", hash = "sha256:d7b263910234c0d5ec913ec79ca921152fe874b805a7bcaf67118ef71708e5d2", size = 243040 },
    { url = "https://files.pythonhosted.org/packages/c7/e1/9495751d5315c3d76ee2c7b5dbc1935ab891d45ad585e1910a333dbdef43/coverage-7.9.0-cp313-cp313-musllinux_1_2_x86_64.whl", hash = "sha256:7d7b7425215963da8f5968096a20c5b5c9af4a86a950fcc25dcc2177ab33e9e5", size = 244424 },
    { url = "https://files.pythonhosted.org/packages/94/2a/ee504188a586da2379939f37fdc69047d9c46d35c34d1196f2605974a17d/coverage-7.9.0-cp313-cp313-win32.whl", hash = "sha256:e7dcfa92867b0c53d2e22e985c66af946dc09e8bb13c556709e396e90a0adf5c", size = 214677 },
    { url = "https://files.pythonhosted.org/packages/80/2b/5eab6518643c7560fe180ba5e0f35a0be3d4fc0a88aa6601120407b1fd03/coverage-7.9.0-cp313-cp313-win_amd64.whl", hash = "sha256:aa34ca040785a2b768da489df0c036364d47a6c1c00bdd8f662b98fd3277d3d4", size = 215482 },
    { url = "https://files.pythonhosted.org/packages/fd/7f/9c9c8b736c4f40d7247bea8339afac40d8f6465491440608b3d73c10ffce/coverage-7.9.0-cp313-cp313-win_arm64.whl", hash = "sha256:9c5dcb5cd3c52d84c5f52045e1c87c16bf189c2fbfa57cc0d811a3b4059939df", size = 213852 },
    { url = "https://files.pythonhosted.org/packages/e5/83/056464aec8b360dee6f4d7a517dc5ae5a9f462ff895ff536588b42f95b2d/coverage-7.9.0-cp313-cp313t-macosx_10_13_x86_64.whl", hash = "sha256:b52d2fdc1940f90c4572bd48211475a7b102f75a7f9a5e6cfc6e3da7dc380c44", size = 212994 },
    { url = "https://files.pythonhosted.org/packages/a3/87/f0291ecaa6baaaedbd428cf8b7e1d16b5dc010718fe7739cce955149ef83/coverage-7.9.0-cp313-cp313t-macosx_11_0_arm64.whl", hash = "sha256:4cc555a3e6ceb8841df01a4634374f5f9635e661f5c307da00bce19819e8bcdf", size = 213212 },
    { url = "https://files.pythonhosted.org/packages/16/a0/9eb39541774a5beb662dc4ae98fee23afb947414b6aa1443b53d2ad3ea05/coverage-7.9.0-cp313-cp313t-manylinux_2_17_aarch64.manylinux2014_aarch64.whl", hash = "sha256:244f613617876b7cd32a097788d49c952a8f1698afb25275b2a825a4e895854e", size = 256453 },
    { url = "https://files.pythonhosted.org/packages/93/33/d0e99f4c809334dfed20f17234080a9003a713ddb80e33ad22697a8aa8e5/coverage-7.9.0-cp313-cp313t-manylinux_2_5_i686.manylinux1_i686.manylinux_2_17_i686.manylinux2014_i686.whl", hash = "sha256:5c335d77539e66bc6f83e8f1ef207d038129d9b9acd9dc9f0ca42fa9eedf564a", size = 252674 },
    { url = "https://files.pythonhosted.org/packages/0b/3a/d2a64e7ee5eb783e44e6ca404f8fc2a45afef052ed6593afb4ce9663dae6/coverage-7.9.0-cp313-cp313t-manylinux_2_5_x86_64.manylinux1_x86_64.manylinux_2_17_x86_64.manylinux2014_x86_64.whl", hash = "sha256:6b335c7077c8da7bb8173d4f9ebd90ff1a97af6a6bec4fc4e6db4856ae80b31e", size = 254830 },
    { url = "https://files.pythonhosted.org/packages/e2/6a/9de640f8e2b097d155532d1bc16eb9c5186fccc7c4b8148fe1dd2520875a/coverage-7.9.0-cp313-cp313t-musllinux_1_2_aarch64.whl", hash = "sha256:01cbc2c36895b7ab906514042c92b3fc9dd0526bf1c3251cb6aefd9c71ae6dda", size = 256060 },
    { url = "https://files.pythonhosted.org/packages/07/72/928fa3583b9783fc32e3dfafb6cc0cf73bdd73d1dc41e3a973f203c6aeff/coverage-7.9.0-cp313-cp313t-musllinux_1_2_i686.whl", hash = "sha256:1ac62880a9dff0726a193ce77a1bcdd4e8491009cb3a0510d31381e8b2c46d7a", size = 254174 },
    { url = "https://files.pythonhosted.org/packages/ad/01/2fd0785f8768693b748e36b442352bc26edf3391246eedcc80d480d06da1/coverage-7.9.0-cp313-cp313t-musllinux_1_2_x86_64.whl", hash = "sha256:95314eb306cf54af3d1147e27ba008cf78eed6f1309a1310772f4f05b12c9c65", size = 255011 },
    { url = "https://files.pythonhosted.org/packages/b7/49/1d0120cfa24e001e0d38795388914183c48cd86fc8640ca3b01337831917/coverage-7.9.0-cp313-cp313t-win32.whl", hash = "sha256:c5cbf3ddfb68de8dc8ce33caa9321df27297a032aeaf2e99b278f183fb4ebc37", size = 215349 },
    { url = "https://files.pythonhosted.org/packages/9f/48/7625c09621a206fff0b51fcbcf5d6c1162ab10a5ffa546fc132f01c9132b/coverage-7.9.0-cp313-cp313t-win_amd64.whl", hash = "sha256:e3ec9e1525eb7a0f89d31083539b398d921415d884e9f55400002a1e9fe0cf63", size = 216516 },
    { url = "https://files.pythonhosted.org/packages/bb/50/048b55c34985c3aafcecb32cced3abc4291969bfd967dbcaed95cfc26b2a/coverage-7.9.0-cp313-cp313t-win_arm64.whl", hash = "sha256:a02efe6769f74245ce476e89db3d4e110db07b4c0c3d3f81728e2464bbbbcb8e", size = 214308 },
    { url = "https://files.pythonhosted.org/packages/e8/b6/d16966f9439ccc3007e1740960d241420d6ba81502642a4be1da1672a103/coverage-7.9.0-pp39.pp310.pp311-none-any.whl", hash = "sha256:ccf1540a0e82ff525844880f988f6caaa2d037005e57bfe203b71cac7626145d", size = 203927 },
    { url = "https://files.pythonhosted.org/packages/70/0d/534c1e35cb7688b5c40de93fcca07e3ddc0287659ff85cd376b1dd3f770f/coverage-7.9.0-py3-none-any.whl", hash = "sha256:79ea9a26b27c963cdf541e1eb9ac05311b012bc367d0e31816f1833b06c81c02", size = 203917 },
]

[[package]]
name = "distlib"
version = "0.3.9"
source = { registry = "https://pypi.org/simple" }
sdist = { url = "https://files.pythonhosted.org/packages/0d/dd/1bec4c5ddb504ca60fc29472f3d27e8d4da1257a854e1d96742f15c1d02d/distlib-0.3.9.tar.gz", hash = "sha256:a60f20dea646b8a33f3e7772f74dc0b2d0772d2837ee1342a00645c81edf9403", size = 613923 }
wheels = [
    { url = "https://files.pythonhosted.org/packages/91/a1/cf2472db20f7ce4a6be1253a81cfdf85ad9c7885ffbed7047fb72c24cf87/distlib-0.3.9-py2.py3-none-any.whl", hash = "sha256:47f8c22fd27c27e25a65601af709b38e4f0a45ea4fc2e710f65755fa8caaaf87", size = 468973 },
]

[[package]]
name = "filelock"
version = "3.18.0"
source = { registry = "https://pypi.org/simple" }
sdist = { url = "https://files.pythonhosted.org/packages/0a/10/c23352565a6544bdc5353e0b15fc1c563352101f30e24bf500207a54df9a/filelock-3.18.0.tar.gz", hash = "sha256:adbc88eabb99d2fec8c9c1b229b171f18afa655400173ddc653d5d01501fb9f2", size = 18075 }
wheels = [
    { url = "https://files.pythonhosted.org/packages/4d/36/2a115987e2d8c300a974597416d9de88f2444426de9571f4b59b2cca3acc/filelock-3.18.0-py3-none-any.whl", hash = "sha256:c401f4f8377c4464e6db25fff06205fd89bdd83b65eb0488ed1b160f780e21de", size = 16215 },
]

[[package]]
name = "identify"
version = "2.6.12"
source = { registry = "https://pypi.org/simple" }
sdist = { url = "https://files.pythonhosted.org/packages/a2/88/d193a27416618628a5eea64e3223acd800b40749a96ffb322a9b55a49ed1/identify-2.6.12.tar.gz", hash = "sha256:d8de45749f1efb108badef65ee8386f0f7bb19a7f26185f74de6367bffbaf0e6", size = 99254 }
wheels = [
    { url = "https://files.pythonhosted.org/packages/7a/cd/18f8da995b658420625f7ef13f037be53ae04ec5ad33f9b718240dcfd48c/identify-2.6.12-py2.py3-none-any.whl", hash = "sha256:ad9672d5a72e0d2ff7c5c8809b62dfa60458626352fb0eb7b55e69bdc45334a2", size = 99145 },
]

[[package]]
name = "iniconfig"
version = "2.1.0"
source = { registry = "https://pypi.org/simple" }
sdist = { url = "https://files.pythonhosted.org/packages/f2/97/ebf4da567aa6827c909642694d71c9fcf53e5b504f2d96afea02718862f3/iniconfig-2.1.0.tar.gz", hash = "sha256:3abbd2e30b36733fee78f9c7f7308f2d0050e88f0087fd25c2645f63c773e1c7", size = 4793 }
wheels = [
    { url = "https://files.pythonhosted.org/packages/2c/e1/e6716421ea10d38022b952c159d5161ca1193197fb744506875fbb87ea7b/iniconfig-2.1.0-py3-none-any.whl", hash = "sha256:9deba5723312380e77435581c6bf4935c94cbfab9b1ed33ef8d238ea168eb760", size = 6050 },
]

[[package]]
name = "nodeenv"
version = "1.9.1"
source = { registry = "https://pypi.org/simple" }
sdist = { url = "https://files.pythonhosted.org/packages/43/16/fc88b08840de0e0a72a2f9d8c6bae36be573e475a6326ae854bcc549fc45/nodeenv-1.9.1.tar.gz", hash = "sha256:6ec12890a2dab7946721edbfbcd91f3319c6ccc9aec47be7c7e6b7011ee6645f", size = 47437 }
wheels = [
    { url = "https://files.pythonhosted.org/packages/d2/1d/1b658dbd2b9fa9c4c9f32accbfc0205d532c8c6194dc0f2a4c0428e7128a/nodeenv-1.9.1-py2.py3-none-any.whl", hash = "sha256:ba11c9782d29c27c70ffbdda2d7415098754709be8a7056d79a737cd901155c9", size = 22314 },
]

[[package]]
name = "packaging"
version = "25.0"
source = { registry = "https://pypi.org/simple" }
sdist = { url = "https://files.pythonhosted.org/packages/a1/d4/1fc4078c65507b51b96ca8f8c3ba19e6a61c8253c72794544580a7b6c24d/packaging-25.0.tar.gz", hash = "sha256:d443872c98d677bf60f6a1f2f8c1cb748e8fe762d2bf9d3148b5599295b0fc4f", size = 165727 }
wheels = [
    { url = "https://files.pythonhosted.org/packages/20/12/38679034af332785aac8774540895e234f4d07f7545804097de4b666afd8/packaging-25.0-py3-none-any.whl", hash = "sha256:29572ef2b1f17581046b3a2227d5c611fb25ec70ca1ba8554b24b0e69331a484", size = 66469 },
]

[[package]]
name = "pip"
version = "25.0.1"
source = { registry = "https://pypi.org/simple" }
sdist = { url = "https://files.pythonhosted.org/packages/70/53/b309b4a497b09655cb7e07088966881a57d082f48ac3cb54ea729fd2c6cf/pip-25.0.1.tar.gz", hash = "sha256:88f96547ea48b940a3a385494e181e29fb8637898f88d88737c5049780f196ea", size = 1950850 }
wheels = [
    { url = "https://files.pythonhosted.org/packages/c9/bc/b7db44f5f39f9d0494071bddae6880eb645970366d0a200022a1a93d57f5/pip-25.0.1-py3-none-any.whl", hash = "sha256:c46efd13b6aa8279f33f2864459c8ce587ea6a1a59ee20de055868d8f7688f7f", size = 1841526 },
]

[[package]]
name = "pip-tools"
version = "7.4.1"
source = { registry = "https://pypi.org/simple" }
dependencies = [
    { name = "build" },
    { name = "click" },
    { name = "pip" },
    { name = "pyproject-hooks" },
    { name = "setuptools" },
    { name = "wheel" },
]
sdist = { url = "https://files.pythonhosted.org/packages/1a/87/1ef453f10fb0772f43549686f924460cc0a2404b828b348f72c52cb2f5bf/pip-tools-7.4.1.tar.gz", hash = "sha256:864826f5073864450e24dbeeb85ce3920cdfb09848a3d69ebf537b521f14bcc9", size = 145417 }
wheels = [
    { url = "https://files.pythonhosted.org/packages/0d/dc/38f4ce065e92c66f058ea7a368a9c5de4e702272b479c0992059f7693941/pip_tools-7.4.1-py3-none-any.whl", hash = "sha256:4c690e5fbae2f21e87843e89c26191f0d9454f362d8acdbd695716493ec8b3a9", size = 61235 },
]

[[package]]
name = "platformdirs"
version = "4.3.8"
source = { registry = "https://pypi.org/simple" }
sdist = { url = "https://files.pythonhosted.org/packages/fe/8b/3c73abc9c759ecd3f1f7ceff6685840859e8070c4d947c93fae71f6a0bf2/platformdirs-4.3.8.tar.gz", hash = "sha256:3d512d96e16bcb959a814c9f348431070822a6496326a4be0911c40b5a74c2bc", size = 21362 }
wheels = [
    { url = "https://files.pythonhosted.org/packages/fe/39/979e8e21520d4e47a0bbe349e2713c0aac6f3d853d0e5b34d76206c439aa/platformdirs-4.3.8-py3-none-any.whl", hash = "sha256:ff7059bb7eb1179e2685604f4aaf157cfd9535242bd23742eadc3c13542139b4", size = 18567 },
]

[[package]]
name = "pluggy"
version = "1.6.0"
source = { registry = "https://pypi.org/simple" }
sdist = { url = "https://files.pythonhosted.org/packages/f9/e2/3e91f31a7d2b083fe6ef3fa267035b518369d9511ffab804f839851d2779/pluggy-1.6.0.tar.gz", hash = "sha256:7dcc130b76258d33b90f61b658791dede3486c3e6bfb003ee5c9bfb396dd22f3", size = 69412 }
wheels = [
    { url = "https://files.pythonhosted.org/packages/54/20/4d324d65cc6d9205fabedc306948156824eb9f0ee1633355a8f7ec5c66bf/pluggy-1.6.0-py3-none-any.whl", hash = "sha256:e920276dd6813095e9377c0bc5566d94c932c33b27a3e3945d8389c374dd4746", size = 20538 },
]

[[package]]
name = "pre-commit"
version = "4.2.0"
source = { registry = "https://pypi.org/simple" }
dependencies = [
    { name = "cfgv" },
    { name = "identify" },
    { name = "nodeenv" },
    { name = "pyyaml" },
    { name = "virtualenv" },
]
sdist = { url = "https://files.pythonhosted.org/packages/08/39/679ca9b26c7bb2999ff122d50faa301e49af82ca9c066ec061cfbc0c6784/pre_commit-4.2.0.tar.gz", hash = "sha256:601283b9757afd87d40c4c4a9b2b5de9637a8ea02eaff7adc2d0fb4e04841146", size = 193424 }
wheels = [
    { url = "https://files.pythonhosted.org/packages/88/74/a88bf1b1efeae488a0c0b7bdf71429c313722d1fc0f377537fbe554e6180/pre_commit-4.2.0-py2.py3-none-any.whl", hash = "sha256:a009ca7205f1eb497d10b845e52c838a98b6cdd2102a6c8e4540e94ee75c58bd", size = 220707 },
]

[[package]]
name = "pygments"
version = "2.19.1"
source = { registry = "https://pypi.org/simple" }
sdist = { url = "https://files.pythonhosted.org/packages/7c/2d/c3338d48ea6cc0feb8446d8e6937e1408088a72a39937982cc6111d17f84/pygments-2.19.1.tar.gz", hash = "sha256:61c16d2a8576dc0649d9f39e089b5f02bcd27fba10d8fb4dcc28173f7a45151f", size = 4968581 }
wheels = [
    { url = "https://files.pythonhosted.org/packages/8a/0b/9fcc47d19c48b59121088dd6da2488a49d5f72dacf8262e2790a1d2c7d15/pygments-2.19.1-py3-none-any.whl", hash = "sha256:9ea1544ad55cecf4b8242fab6dd35a93bbce657034b0611ee383099054ab6d8c", size = 1225293 },
]

[[package]]
name = "pymssql"
version = "2.3.4"
source = { registry = "https://pypi.org/simple" }
sdist = { url = "https://files.pythonhosted.org/packages/83/35/5a0b79369e42fffd5c04e4e74fa90ef034cc5c3f314e14f6d58cac646ccf/pymssql-2.3.4.tar.gz", hash = "sha256:117c82d7aa9021171aa9be98368475519f33d9c32073cdcf9b0d76231abc6436", size = 184604 }
wheels = [
    { url = "https://files.pythonhosted.org/packages/bb/20/fb8ab5d4a21be9d8b9e5661d7d1bf218bb04faa5c1a8ee5e9c2dc3d6f98d/pymssql-2.3.4-cp311-cp311-macosx_13_0_universal2.whl", hash = "sha256:70cbf00ef172f864f3334666c824bf9a1c7c0dffc9319263e7fd6ac097ed98cb", size = 3102701 },
    { url = "https://files.pythonhosted.org/packages/5a/12/9eca79b2b55f220029bdb1009b5e66fedfb2d6a82b1868049220cb1a518a/pymssql-2.3.4-cp311-cp311-manylinux_2_17_aarch64.manylinux2014_aarch64.whl", hash = "sha256:7a417eeab6b7000777db5bcecd391f13d9fa8ec082994650ea9327edafba4a30", size = 4076253 },
    { url = "https://files.pythonhosted.org/packages/55/c4/f8bf22f696992887146015790fe5f418cff808810fe33d7704b519c350e2/pymssql-2.3.4-cp311-cp311-manylinux_2_17_i686.manylinux2014_i686.whl", hash = "sha256:e0d10384c428b92f16d46eaeb9f14976e768a22083b68d646e6659b514571d37", size = 4064397 },
    { url = "https://files.pythonhosted.org/packages/26/dc/90eb4178768e5e1a5afb128887daffa206615f0953d3e1513e4af4d91d56/pymssql-2.3.4-cp311-cp311-manylinux_2_17_x86_64.manylinux2014_x86_64.whl", hash = "sha256:318de31ee24ee417df7d454aa75240cef806a029996259c5820057eff4d87fb0", size = 4422625 },
    { url = "https://files.pythonhosted.org/packages/e3/1a/820066ddbc46f1d5f084e2a0aeb830bf8222cd1b9d1fdc7df7a8b7fc80ec/pymssql-2.3.4-cp311-cp311-manylinux_2_28_x86_64.whl", hash = "sha256:502b4b6df757fbe1196eba204d06fb4b55b4fab0019eb23b2dccd51c2ae149a5", size = 4879015 },
    { url = "https://files.pythonhosted.org/packages/a6/7c/dbacd3da9c494afebd09de8a10ab6241654586be202d029c75628957cd99/pymssql-2.3.4-cp311-cp311-musllinux_1_1_i686.whl", hash = "sha256:707996a9bee34e2fb9cc87f0d64b87a527884ab6b7dd19496e676b42527fb039", size = 4155544 },
    { url = "https://files.pythonhosted.org/packages/d4/f4/f87086a2580fd9bf8df4cae940b2d6daccb61ab57ce2feac7fe0ae4c4c23/pymssql-2.3.4-cp311-cp311-musllinux_1_1_x86_64.whl", hash = "sha256:f5de0c70701736a815facc4d1cb943293829b7c5994c6c50bbc9abdf138cf1e4", size = 4188664 },
    { url = "https://files.pythonhosted.org/packages/b8/1d/ed047510378bdf7dadd7d5f4373cff4179135a5c0e561fe15ad00c0b8870/pymssql-2.3.4-cp311-cp311-musllinux_1_2_i686.whl", hash = "sha256:e1087ad97a10db3f6cc387da9fcbccdbf458054b54f793d9aa61f0da69e32e15", size = 4723365 },
    { url = "https://files.pythonhosted.org/packages/3c/79/2dd758ea7f6dc0d4639c8ba93b46b7a18d54e7f57e9ad82c441cba101c23/pymssql-2.3.4-cp311-cp311-musllinux_1_2_x86_64.whl", hash = "sha256:107e1b5efc42376b2426fcfadaad2b559d90ba55f634abd1af551e8c88aa9252", size = 4951520 },
    { url = "https://files.pythonhosted.org/packages/8b/b6/a54afeb5df87fc22add90d5d0076cb3ece19b6d6c68b8826400269fab316/pymssql-2.3.4-cp311-cp311-win_amd64.whl", hash = "sha256:e131c6148dd25a89f666ae6156a8a95a6526628955a3cd8326ccf1cba4183d64", size = 2037972 },
    { url = "https://files.pythonhosted.org/packages/bc/89/5a7a4b27ee44b2dc4708de7e897311cb17f15e7c983c299e8bf97ebf98d1/pymssql-2.3.4-cp312-cp312-macosx_13_0_universal2.whl", hash = "sha256:809b75aaeb9bcd061230bace41e275f80f464f70fcbf5dde2ba7ba8f0eea5298", size = 3075736 },
    { url = "https://files.pythonhosted.org/packages/43/f9/19bbb0026a47043fb239e821e10a75304b12ba986ce4af71cf8986af411c/pymssql-2.3.4-cp312-cp312-manylinux_2_17_aarch64.manylinux2014_aarch64.whl", hash = "sha256:48ab1ee04754fb8ce703b6c154e54fde4f6c7f440766d397b101b748123a12df", size = 4019433 },
    { url = "https://files.pythonhosted.org/packages/a6/ac/3aca13f1f527299db4adef594fb9f14d47d68de91b93a220a67391b8ec87/pymssql-2.3.4-cp312-cp312-manylinux_2_17_i686.manylinux2014_i686.whl", hash = "sha256:9e22bb4d5aed85b084e3b9fb5ae3463301dd69c17703cfef72e0aed746452cc9", size = 3993550 },
    { url = "https://files.pythonhosted.org/packages/b9/93/879d92f61afb974f69b9186b16ee6a97adff2abc82777e3b66c9c9efb179/pymssql-2.3.4-cp312-cp312-manylinux_2_17_x86_64.manylinux2014_x86_64.whl", hash = "sha256:c2c1c8d3632630d52387e5b5b4483027494b5cb8f65401573715b74e7a3f16e5", size = 4381934 },
    { url = "https://files.pythonhosted.org/packages/6c/a6/923769b6dbb4e3a4c07a867e0c7fa8e4b230f675095cd7109d4e3eb9ddf0/pymssql-2.3.4-cp312-cp312-manylinux_2_28_x86_64.whl", hash = "sha256:f7f245acbdf89b96a41513ef0214b55a3ba2824f1f3119dd1945443b6cac78d3", size = 4849674 },
    { url = "https://files.pythonhosted.org/packages/7a/2d/c787f061dcd0603905bf8085dda9cddb8c3c03b18d9239d5d18c953eebba/pymssql-2.3.4-cp312-cp312-musllinux_1_1_i686.whl", hash = "sha256:9484485fb847eb67f828459b0f4857c9725b20c517c2b7f88a9788fd72b76a6a", size = 4076649 },
    { url = "https://files.pythonhosted.org/packages/c1/a2/e55d823e3ab21cf9fc88e4e2424936899392d9d2e6569d5bcce063f84dac/pymssql-2.3.4-cp312-cp312-musllinux_1_1_x86_64.whl", hash = "sha256:4a0716482cd5ecce07230925593cefd9137959c18aca4c92fc24c243d3c20e38", size = 4139477 },
    { url = "https://files.pythonhosted.org/packages/c7/7c/0fec6587b38081d0d0fca4f9ad31e85ec6c5791879e57f0e559ec6be4d3d/pymssql-2.3.4-cp312-cp312-musllinux_1_2_i686.whl", hash = "sha256:ba4f988674b361709821c8173a6471aa6e47ee6e45b5a8e30d4dcbde1f62fb0f", size = 4653837 },
    { url = "https://files.pythonhosted.org/packages/5f/7c/77d0251f4b5ad5690226a93547fc8279c1c48bd14e3ccc820f5c580a3b73/pymssql-2.3.4-cp312-cp312-musllinux_1_2_x86_64.whl", hash = "sha256:51b8ebfbd7d14d5e7c65e76ffaf31584ffabe9fb1bfd2a85f529bd707512e39d", size = 4910914 },
    { url = "https://files.pythonhosted.org/packages/4f/22/1b2ef85804872a5940010d3c012722356af1fa24f8ba6f419c0260881032/pymssql-2.3.4-cp312-cp312-win32.whl", hash = "sha256:c8f5718f5e7d2623eaf35e025d5fa288c5789916809a89f00b42346b888673da", size = 1337991 },
    { url = "https://files.pythonhosted.org/packages/0f/43/c98f34e7b3cd45653fb233a4bee83bffca0cf5e78c290c291cec34faac21/pymssql-2.3.4-cp312-cp312-win_amd64.whl", hash = "sha256:d72b38b5ba66a4072c680447099bb63ac35d0425e9a29ff91b048e563b999be5", size = 2021760 },
    { url = "https://files.pythonhosted.org/packages/63/58/90dbe299359c547fcb037d4a12f2146916213b99a245d01efdf5ade52910/pymssql-2.3.4-cp313-cp313-macosx_13_0_universal2.whl", hash = "sha256:36ede0bc046e18cb0a5f043828bc441c80ffb2aa4606ce0cfcbf2a3d71266f0a", size = 3064581 },
    { url = "https://files.pythonhosted.org/packages/4b/7c/15e75a74de5e392ea1a9456261632cc312c873f28ac2f9ef39dfefac8cd2/pymssql-2.3.4-cp313-cp313-manylinux_2_17_aarch64.manylinux2014_aarch64.whl", hash = "sha256:d247114853ada387415df303d24d2e990596ce28b23f5b59c46d852cfea0f2ad", size = 4013283 },
    { url = "https://files.pythonhosted.org/packages/2a/29/b9f08676145c3086db11c55b40bd58dfb0d775853f7280c1b2e15fc44fc2/pymssql-2.3.4-cp313-cp313-manylinux_2_17_i686.manylinux2014_i686.whl", hash = "sha256:79881cbe1a5826ddb959ccf8add015e5b82e6afbbf9cf5e281bd794278b2c2eb", size = 3996475 },
    { url = "https://files.pythonhosted.org/packages/ab/cb/54ca973c666e8402f3bf7feaf7e2037b7c80dbd732be67e224f95cb6a1cc/pymssql-2.3.4-cp313-cp313-manylinux_2_17_x86_64.manylinux2014_x86_64.whl", hash = "sha256:4bfcd63280b0f74124241092bdfd7889925342bcb58b4cde299e4c91cec55436", size = 4377615 },
    { url = "https://files.pythonhosted.org/packages/c1/f2/973dfded45e0df9dcf72bc1b7254cefd5ffb1492f314822020d3c066421f/pymssql-2.3.4-cp313-cp313-manylinux_2_28_x86_64.whl", hash = "sha256:f3b784563f2b24c4d3f0e250fa9cfe59a22791539725f4d5059139c66f072a14", size = 4839647 },
    { url = "https://files.pythonhosted.org/packages/91/cb/9d9342f0936ff6d58a59446e7449f93cc1134e59f3a1ec075e7b364e82a6/pymssql-2.3.4-cp313-cp313-musllinux_1_1_i686.whl", hash = "sha256:a54a018215cf0cffbaaa6edaa02215ef19fa9c9ff6a2c172e8fa563f577e2e91", size = 4079413 },
    { url = "https://files.pythonhosted.org/packages/9e/f1/79866247539144dcc9e44e9f8ad700bdc78c286863f37d879d71bbfd2c94/pymssql-2.3.4-cp313-cp313-musllinux_1_1_x86_64.whl", hash = "sha256:14f2474fda3c57bc95b9ba146552463571fe77c816cbfb2e64344528d9afb755", size = 4141187 },
    { url = "https://files.pythonhosted.org/packages/9c/2d/c187ebcaeb2832cc7ac85034897eb920b361fd63bf011a5d02b31fe2f840/pymssql-2.3.4-cp313-cp313-musllinux_1_2_i686.whl", hash = "sha256:145dc2b73e4fe115e6176866245921ce95a216a8d6cb0d9420c2e05ee2a911a9", size = 4661965 },
    { url = "https://files.pythonhosted.org/packages/77/59/aae5ba396d1c603325112bf7106705e1781e4604381faa45ad55161f2b0f/pymssql-2.3.4-cp313-cp313-musllinux_1_2_x86_64.whl", hash = "sha256:e08f1bc9e4a914c82816e3e5270b53bead13d3444435fc7bddfff9cb302b9982", size = 4903978 },
    { url = "https://files.pythonhosted.org/packages/3f/a9/25ea7056857aabbfd285c397084c571e4486f341ff8e8086b067bc2e2109/pymssql-2.3.4-cp313-cp313-win32.whl", hash = "sha256:e31b507f4669671e8bbdeecf1c1c2ed9c092953a1decfae5af656200a74195d1", size = 1337662 },
]

[[package]]
name = "pyproject-hooks"
version = "1.2.0"
source = { registry = "https://pypi.org/simple" }
sdist = { url = "https://files.pythonhosted.org/packages/e7/82/28175b2414effca1cdac8dc99f76d660e7a4fb0ceefa4b4ab8f5f6742925/pyproject_hooks-1.2.0.tar.gz", hash = "sha256:1e859bd5c40fae9448642dd871adf459e5e2084186e8d2c2a79a824c970da1f8", size = 19228 }
wheels = [
    { url = "https://files.pythonhosted.org/packages/bd/24/12818598c362d7f300f18e74db45963dbcb85150324092410c8b49405e42/pyproject_hooks-1.2.0-py3-none-any.whl", hash = "sha256:9e5c6bfa8dcc30091c74b0cf803c81fdd29d94f01992a7707bc97babb1141913", size = 10216 },
]

[[package]]
name = "pytest"
version = "8.4.0"
source = { registry = "https://pypi.org/simple" }
dependencies = [
    { name = "colorama", marker = "sys_platform == 'win32'" },
    { name = "iniconfig" },
    { name = "packaging" },
    { name = "pluggy" },
    { name = "pygments" },
]
sdist = { url = "https://files.pythonhosted.org/packages/fb/aa/405082ce2749be5398045152251ac69c0f3578c7077efc53431303af97ce/pytest-8.4.0.tar.gz", hash = "sha256:14d920b48472ea0dbf68e45b96cd1ffda4705f33307dcc86c676c1b5104838a6", size = 1515232 }
wheels = [
    { url = "https://files.pythonhosted.org/packages/2f/de/afa024cbe022b1b318a3d224125aa24939e99b4ff6f22e0ba639a2eaee47/pytest-8.4.0-py3-none-any.whl", hash = "sha256:f40f825768ad76c0977cbacdf1fd37c6f7a468e460ea6a0636078f8972d4517e", size = 363797 },
]

[[package]]
name = "pyyaml"
version = "6.0.2"
source = { registry = "https://pypi.org/simple" }
sdist = { url = "https://files.pythonhosted.org/packages/54/ed/79a089b6be93607fa5cdaedf301d7dfb23af5f25c398d5ead2525b063e17/pyyaml-6.0.2.tar.gz", hash = "sha256:d584d9ec91ad65861cc08d42e834324ef890a082e591037abe114850ff7bbc3e", size = 130631 }
wheels = [
    { url = "https://files.pythonhosted.org/packages/f8/aa/7af4e81f7acba21a4c6be026da38fd2b872ca46226673c89a758ebdc4fd2/PyYAML-6.0.2-cp311-cp311-macosx_10_9_x86_64.whl", hash = "sha256:cc1c1159b3d456576af7a3e4d1ba7e6924cb39de8f67111c735f6fc832082774", size = 184612 },
    { url = "https://files.pythonhosted.org/packages/8b/62/b9faa998fd185f65c1371643678e4d58254add437edb764a08c5a98fb986/PyYAML-6.0.2-cp311-cp311-macosx_11_0_arm64.whl", hash = "sha256:1e2120ef853f59c7419231f3bf4e7021f1b936f6ebd222406c3b60212205d2ee", size = 172040 },
    { url = "https://files.pythonhosted.org/packages/ad/0c/c804f5f922a9a6563bab712d8dcc70251e8af811fce4524d57c2c0fd49a4/PyYAML-6.0.2-cp311-cp311-manylinux_2_17_aarch64.manylinux2014_aarch64.whl", hash = "sha256:5d225db5a45f21e78dd9358e58a98702a0302f2659a3c6cd320564b75b86f47c", size = 736829 },
    { url = "https://files.pythonhosted.org/packages/51/16/6af8d6a6b210c8e54f1406a6b9481febf9c64a3109c541567e35a49aa2e7/PyYAML-6.0.2-cp311-cp311-manylinux_2_17_s390x.manylinux2014_s390x.whl", hash = "sha256:5ac9328ec4831237bec75defaf839f7d4564be1e6b25ac710bd1a96321cc8317", size = 764167 },
    { url = "https://files.pythonhosted.org/packages/75/e4/2c27590dfc9992f73aabbeb9241ae20220bd9452df27483b6e56d3975cc5/PyYAML-6.0.2-cp311-cp311-manylinux_2_17_x86_64.manylinux2014_x86_64.whl", hash = "sha256:3ad2a3decf9aaba3d29c8f537ac4b243e36bef957511b4766cb0057d32b0be85", size = 762952 },
    { url = "https://files.pythonhosted.org/packages/9b/97/ecc1abf4a823f5ac61941a9c00fe501b02ac3ab0e373c3857f7d4b83e2b6/PyYAML-6.0.2-cp311-cp311-musllinux_1_1_aarch64.whl", hash = "sha256:ff3824dc5261f50c9b0dfb3be22b4567a6f938ccce4587b38952d85fd9e9afe4", size = 735301 },
    { url = "https://files.pythonhosted.org/packages/45/73/0f49dacd6e82c9430e46f4a027baa4ca205e8b0a9dce1397f44edc23559d/PyYAML-6.0.2-cp311-cp311-musllinux_1_1_x86_64.whl", hash = "sha256:797b4f722ffa07cc8d62053e4cff1486fa6dc094105d13fea7b1de7d8bf71c9e", size = 756638 },
    { url = "https://files.pythonhosted.org/packages/22/5f/956f0f9fc65223a58fbc14459bf34b4cc48dec52e00535c79b8db361aabd/PyYAML-6.0.2-cp311-cp311-win32.whl", hash = "sha256:11d8f3dd2b9c1207dcaf2ee0bbbfd5991f571186ec9cc78427ba5bd32afae4b5", size = 143850 },
    { url = "https://files.pythonhosted.org/packages/ed/23/8da0bbe2ab9dcdd11f4f4557ccaf95c10b9811b13ecced089d43ce59c3c8/PyYAML-6.0.2-cp311-cp311-win_amd64.whl", hash = "sha256:e10ce637b18caea04431ce14fabcf5c64a1c61ec9c56b071a4b7ca131ca52d44", size = 161980 },
    { url = "https://files.pythonhosted.org/packages/86/0c/c581167fc46d6d6d7ddcfb8c843a4de25bdd27e4466938109ca68492292c/PyYAML-6.0.2-cp312-cp312-macosx_10_9_x86_64.whl", hash = "sha256:c70c95198c015b85feafc136515252a261a84561b7b1d51e3384e0655ddf25ab", size = 183873 },
    { url = "https://files.pythonhosted.org/packages/a8/0c/38374f5bb272c051e2a69281d71cba6fdb983413e6758b84482905e29a5d/PyYAML-6.0.2-cp312-cp312-macosx_11_0_arm64.whl", hash = "sha256:ce826d6ef20b1bc864f0a68340c8b3287705cae2f8b4b1d932177dcc76721725", size = 173302 },
    { url = "https://files.pythonhosted.org/packages/c3/93/9916574aa8c00aa06bbac729972eb1071d002b8e158bd0e83a3b9a20a1f7/PyYAML-6.0.2-cp312-cp312-manylinux_2_17_aarch64.manylinux2014_aarch64.whl", hash = "sha256:1f71ea527786de97d1a0cc0eacd1defc0985dcf6b3f17bb77dcfc8c34bec4dc5", size = 739154 },
    { url = "https://files.pythonhosted.org/packages/95/0f/b8938f1cbd09739c6da569d172531567dbcc9789e0029aa070856f123984/PyYAML-6.0.2-cp312-cp312-manylinux_2_17_s390x.manylinux2014_s390x.whl", hash = "sha256:9b22676e8097e9e22e36d6b7bda33190d0d400f345f23d4065d48f4ca7ae0425", size = 766223 },
    { url = "https://files.pythonhosted.org/packages/b9/2b/614b4752f2e127db5cc206abc23a8c19678e92b23c3db30fc86ab731d3bd/PyYAML-6.0.2-cp312-cp312-manylinux_2_17_x86_64.manylinux2014_x86_64.whl", hash = "sha256:80bab7bfc629882493af4aa31a4cfa43a4c57c83813253626916b8c7ada83476", size = 767542 },
    { url = "https://files.pythonhosted.org/packages/d4/00/dd137d5bcc7efea1836d6264f049359861cf548469d18da90cd8216cf05f/PyYAML-6.0.2-cp312-cp312-musllinux_1_1_aarch64.whl", hash = "sha256:0833f8694549e586547b576dcfaba4a6b55b9e96098b36cdc7ebefe667dfed48", size = 731164 },
    { url = "https://files.pythonhosted.org/packages/c9/1f/4f998c900485e5c0ef43838363ba4a9723ac0ad73a9dc42068b12aaba4e4/PyYAML-6.0.2-cp312-cp312-musllinux_1_1_x86_64.whl", hash = "sha256:8b9c7197f7cb2738065c481a0461e50ad02f18c78cd75775628afb4d7137fb3b", size = 756611 },
    { url = "https://files.pythonhosted.org/packages/df/d1/f5a275fdb252768b7a11ec63585bc38d0e87c9e05668a139fea92b80634c/PyYAML-6.0.2-cp312-cp312-win32.whl", hash = "sha256:ef6107725bd54b262d6dedcc2af448a266975032bc85ef0172c5f059da6325b4", size = 140591 },
    { url = "https://files.pythonhosted.org/packages/0c/e8/4f648c598b17c3d06e8753d7d13d57542b30d56e6c2dedf9c331ae56312e/PyYAML-6.0.2-cp312-cp312-win_amd64.whl", hash = "sha256:7e7401d0de89a9a855c839bc697c079a4af81cf878373abd7dc625847d25cbd8", size = 156338 },
    { url = "https://files.pythonhosted.org/packages/ef/e3/3af305b830494fa85d95f6d95ef7fa73f2ee1cc8ef5b495c7c3269fb835f/PyYAML-6.0.2-cp313-cp313-macosx_10_13_x86_64.whl", hash = "sha256:efdca5630322a10774e8e98e1af481aad470dd62c3170801852d752aa7a783ba", size = 181309 },
    { url = "https://files.pythonhosted.org/packages/45/9f/3b1c20a0b7a3200524eb0076cc027a970d320bd3a6592873c85c92a08731/PyYAML-6.0.2-cp313-cp313-macosx_11_0_arm64.whl", hash = "sha256:50187695423ffe49e2deacb8cd10510bc361faac997de9efef88badc3bb9e2d1", size = 171679 },
    { url = "https://files.pythonhosted.org/packages/7c/9a/337322f27005c33bcb656c655fa78325b730324c78620e8328ae28b64d0c/PyYAML-6.0.2-cp313-cp313-manylinux_2_17_aarch64.manylinux2014_aarch64.whl", hash = "sha256:0ffe8360bab4910ef1b9e87fb812d8bc0a308b0d0eef8c8f44e0254ab3b07133", size = 733428 },
    { url = "https://files.pythonhosted.org/packages/a3/69/864fbe19e6c18ea3cc196cbe5d392175b4cf3d5d0ac1403ec3f2d237ebb5/PyYAML-6.0.2-cp313-cp313-manylinux_2_17_s390x.manylinux2014_s390x.whl", hash = "sha256:17e311b6c678207928d649faa7cb0d7b4c26a0ba73d41e99c4fff6b6c3276484", size = 763361 },
    { url = "https://files.pythonhosted.org/packages/04/24/b7721e4845c2f162d26f50521b825fb061bc0a5afcf9a386840f23ea19fa/PyYAML-6.0.2-cp313-cp313-manylinux_2_17_x86_64.manylinux2014_x86_64.whl", hash = "sha256:70b189594dbe54f75ab3a1acec5f1e3faa7e8cf2f1e08d9b561cb41b845f69d5", size = 759523 },
    { url = "https://files.pythonhosted.org/packages/2b/b2/e3234f59ba06559c6ff63c4e10baea10e5e7df868092bf9ab40e5b9c56b6/PyYAML-6.0.2-cp313-cp313-musllinux_1_1_aarch64.whl", hash = "sha256:41e4e3953a79407c794916fa277a82531dd93aad34e29c2a514c2c0c5fe971cc", size = 726660 },
    { url = "https://files.pythonhosted.org/packages/fe/0f/25911a9f080464c59fab9027482f822b86bf0608957a5fcc6eaac85aa515/PyYAML-6.0.2-cp313-cp313-musllinux_1_1_x86_64.whl", hash = "sha256:68ccc6023a3400877818152ad9a1033e3db8625d899c72eacb5a668902e4d652", size = 751597 },
    { url = "https://files.pythonhosted.org/packages/14/0d/e2c3b43bbce3cf6bd97c840b46088a3031085179e596d4929729d8d68270/PyYAML-6.0.2-cp313-cp313-win32.whl", hash = "sha256:bc2fa7c6b47d6bc618dd7fb02ef6fdedb1090ec036abab80d4681424b84c1183", size = 140527 },
    { url = "https://files.pythonhosted.org/packages/fa/de/02b54f42487e3d3c6efb3f89428677074ca7bf43aae402517bc7cca949f3/PyYAML-6.0.2-cp313-cp313-win_amd64.whl", hash = "sha256:8388ee1976c416731879ac16da0aff3f63b286ffdd57cdeb95f3f2e085687563", size = 156446 },
]

[[package]]
name = "ruff"
version = "0.11.13"
source = { registry = "https://pypi.org/simple" }
sdist = { url = "https://files.pythonhosted.org/packages/ed/da/9c6f995903b4d9474b39da91d2d626659af3ff1eeb43e9ae7c119349dba6/ruff-0.11.13.tar.gz", hash = "sha256:26fa247dc68d1d4e72c179e08889a25ac0c7ba4d78aecfc835d49cbfd60bf514", size = 4282054 }
wheels = [
    { url = "https://files.pythonhosted.org/packages/7d/ce/a11d381192966e0b4290842cc8d4fac7dc9214ddf627c11c1afff87da29b/ruff-0.11.13-py3-none-linux_armv6l.whl", hash = "sha256:4bdfbf1240533f40042ec00c9e09a3aade6f8c10b6414cf11b519488d2635d46", size = 10292516 },
    { url = "https://files.pythonhosted.org/packages/78/db/87c3b59b0d4e753e40b6a3b4a2642dfd1dcaefbff121ddc64d6c8b47ba00/ruff-0.11.13-py3-none-macosx_10_12_x86_64.whl", hash = "sha256:aef9c9ed1b5ca28bb15c7eac83b8670cf3b20b478195bd49c8d756ba0a36cf48", size = 11106083 },
    { url = "https://files.pythonhosted.org/packages/77/79/d8cec175856ff810a19825d09ce700265f905c643c69f45d2b737e4a470a/ruff-0.11.13-py3-none-macosx_11_0_arm64.whl", hash = "sha256:53b15a9dfdce029c842e9a5aebc3855e9ab7771395979ff85b7c1dedb53ddc2b", size = 10436024 },
    { url = "https://files.pythonhosted.org/packages/8b/5b/f6d94f2980fa1ee854b41568368a2e1252681b9238ab2895e133d303538f/ruff-0.11.13-py3-none-manylinux_2_17_aarch64.manylinux2014_aarch64.whl", hash = "sha256:ab153241400789138d13f362c43f7edecc0edfffce2afa6a68434000ecd8f69a", size = 10646324 },
    { url = "https://files.pythonhosted.org/packages/6c/9c/b4c2acf24ea4426016d511dfdc787f4ce1ceb835f3c5fbdbcb32b1c63bda/ruff-0.11.13-py3-none-manylinux_2_17_armv7l.manylinux2014_armv7l.whl", hash = "sha256:6c51f93029d54a910d3d24f7dd0bb909e31b6cd989a5e4ac513f4eb41629f0dc", size = 10174416 },
    { url = "https://files.pythonhosted.org/packages/f3/10/e2e62f77c65ede8cd032c2ca39c41f48feabedb6e282bfd6073d81bb671d/ruff-0.11.13-py3-none-manylinux_2_17_i686.manylinux2014_i686.whl", hash = "sha256:1808b3ed53e1a777c2ef733aca9051dc9bf7c99b26ece15cb59a0320fbdbd629", size = 11724197 },
    { url = "https://files.pythonhosted.org/packages/bb/f0/466fe8469b85c561e081d798c45f8a1d21e0b4a5ef795a1d7f1a9a9ec182/ruff-0.11.13-py3-none-manylinux_2_17_ppc64.manylinux2014_ppc64.whl", hash = "sha256:d28ce58b5ecf0f43c1b71edffabe6ed7f245d5336b17805803312ec9bc665933", size = 12511615 },
    { url = "https://files.pythonhosted.org/packages/17/0e/cefe778b46dbd0cbcb03a839946c8f80a06f7968eb298aa4d1a4293f3448/ruff-0.11.13-py3-none-manylinux_2_17_ppc64le.manylinux2014_ppc64le.whl", hash = "sha256:55e4bc3a77842da33c16d55b32c6cac1ec5fb0fbec9c8c513bdce76c4f922165", size = 12117080 },
    { url = "https://files.pythonhosted.org/packages/5d/2c/caaeda564cbe103bed145ea557cb86795b18651b0f6b3ff6a10e84e5a33f/ruff-0.11.13-py3-none-manylinux_2_17_s390x.manylinux2014_s390x.whl", hash = "sha256:633bf2c6f35678c56ec73189ba6fa19ff1c5e4807a78bf60ef487b9dd272cc71", size = 11326315 },
    { url = "https://files.pythonhosted.org/packages/75/f0/782e7d681d660eda8c536962920c41309e6dd4ebcea9a2714ed5127d44bd/ruff-0.11.13-py3-none-manylinux_2_17_x86_64.manylinux2014_x86_64.whl", hash = "sha256:4ffbc82d70424b275b089166310448051afdc6e914fdab90e08df66c43bb5ca9", size = 11555640 },
    { url = "https://files.pythonhosted.org/packages/5d/d4/3d580c616316c7f07fb3c99dbecfe01fbaea7b6fd9a82b801e72e5de742a/ruff-0.11.13-py3-none-musllinux_1_2_aarch64.whl", hash = "sha256:4a9ddd3ec62a9a89578c85842b836e4ac832d4a2e0bfaad3b02243f930ceafcc", size = 10507364 },
    { url = "https://files.pythonhosted.org/packages/5a/dc/195e6f17d7b3ea6b12dc4f3e9de575db7983db187c378d44606e5d503319/ruff-0.11.13-py3-none-musllinux_1_2_armv7l.whl", hash = "sha256:d237a496e0778d719efb05058c64d28b757c77824e04ffe8796c7436e26712b7", size = 10141462 },
    { url = "https://files.pythonhosted.org/packages/f4/8e/39a094af6967faa57ecdeacb91bedfb232474ff8c3d20f16a5514e6b3534/ruff-0.11.13-py3-none-musllinux_1_2_i686.whl", hash = "sha256:26816a218ca6ef02142343fd24c70f7cd8c5aa6c203bca284407adf675984432", size = 11121028 },
    { url = "https://files.pythonhosted.org/packages/5a/c0/b0b508193b0e8a1654ec683ebab18d309861f8bd64e3a2f9648b80d392cb/ruff-0.11.13-py3-none-musllinux_1_2_x86_64.whl", hash = "sha256:51c3f95abd9331dc5b87c47ac7f376db5616041173826dfd556cfe3d4977f492", size = 11602992 },
    { url = "https://files.pythonhosted.org/packages/7c/91/263e33ab93ab09ca06ce4f8f8547a858cc198072f873ebc9be7466790bae/ruff-0.11.13-py3-none-win32.whl", hash = "sha256:96c27935418e4e8e77a26bb05962817f28b8ef3843a6c6cc49d8783b5507f250", size = 10474944 },
    { url = "https://files.pythonhosted.org/packages/46/f4/7c27734ac2073aae8efb0119cae6931b6fb48017adf048fdf85c19337afc/ruff-0.11.13-py3-none-win_amd64.whl", hash = "sha256:29c3189895a8a6a657b7af4e97d330c8a3afd2c9c8f46c81e2fc5a31866517e3", size = 11548669 },
    { url = "https://files.pythonhosted.org/packages/ec/bf/b273dd11673fed8a6bd46032c0ea2a04b2ac9bfa9c628756a5856ba113b0/ruff-0.11.13-py3-none-win_arm64.whl", hash = "sha256:b4385285e9179d608ff1d2fb9922062663c658605819a6876d8beef0c30b7f3b", size = 10683928 },
]

[[package]]
name = "setuptools"
version = "80.9.0"
source = { registry = "https://pypi.org/simple" }
sdist = { url = "https://files.pythonhosted.org/packages/18/5d/3bf57dcd21979b887f014ea83c24ae194cfcd12b9e0fda66b957c69d1fca/setuptools-80.9.0.tar.gz", hash = "sha256:f36b47402ecde768dbfafc46e8e4207b4360c654f1f3bb84475f0a28628fb19c", size = 1319958 }
wheels = [
    { url = "https://files.pythonhosted.org/packages/a3/dc/17031897dae0efacfea57dfd3a82fdd2a2aeb58e0ff71b77b87e44edc772/setuptools-80.9.0-py3-none-any.whl", hash = "sha256:062d34222ad13e0cc312a4c02d73f059e86a4acbfbdea8f8f76b28c99f306922", size = 1201486 },
]

[[package]]
name = "tpp-database-utils"
version = "0.1.0"
source = { virtual = "." }
dependencies = [
    { name = "pymssql" },
]

[package.dev-dependencies]
dev = [
    { name = "coverage" },
    { name = "pip" },
    { name = "pip-tools" },
    { name = "pre-commit" },
    { name = "pytest" },
    { name = "pyyaml" },
    { name = "ruff" },
]

[package.metadata]
requires-dist = [{ name = "pymssql", specifier = ">=2.3.4" }]

[package.metadata.requires-dev]
dev = [
    { name = "coverage", specifier = ">=7.9.0" },
    { name = "pip", specifier = "==25.0.1" },
    { name = "pip-tools", specifier = ">=7.4.1" },
    { name = "pre-commit", specifier = ">=4.2.0" },
    { name = "pytest", specifier = ">=8.4.0" },
    { name = "pyyaml", specifier = ">=6.0.2" },
    { name = "ruff", specifier = ">=0.11.13" },
]

[[package]]
name = "virtualenv"
version = "20.31.2"
source = { registry = "https://pypi.org/simple" }
dependencies = [
    { name = "distlib" },
    { name = "filelock" },
    { name = "platformdirs" },
]
sdist = { url = "https://files.pythonhosted.org/packages/56/2c/444f465fb2c65f40c3a104fd0c495184c4f2336d65baf398e3c75d72ea94/virtualenv-20.31.2.tar.gz", hash = "sha256:e10c0a9d02835e592521be48b332b6caee6887f332c111aa79a09b9e79efc2af", size = 6076316 }
wheels = [
    { url = "https://files.pythonhosted.org/packages/f3/40/b1c265d4b2b62b58576588510fc4d1fe60a86319c8de99fd8e9fec617d2c/virtualenv-20.31.2-py3-none-any.whl", hash = "sha256:36efd0d9650ee985f0cad72065001e66d49a6f24eb44d98980f630686243cf11", size = 6057982 },
]

[[package]]
name = "wheel"
version = "0.45.1"
source = { registry = "https://pypi.org/simple" }
sdist = { url = "https://files.pythonhosted.org/packages/8a/98/2d9906746cdc6a6ef809ae6338005b3f21bb568bea3165cfc6a243fdc25c/wheel-0.45.1.tar.gz", hash = "sha256:661e1abd9198507b1409a20c02106d9670b2576e916d58f520316666abca6729", size = 107545 }
wheels = [
    { url = "https://files.pythonhosted.org/packages/0b/2c/87f3254fd8ffd29e4c02732eee68a83a1d3c346ae39bc6822dcbcb697f2b/wheel-0.45.1-py3-none-any.whl", hash = "sha256:708e7481cc80179af0e556bbf0cc00b8444c7321e2700b8d8580231d13017248", size = 72494 },
]
